<?xml version="1.0" encoding="utf-8"?>
<Project ToolsVersion="4.0" xmlns="http://schemas.microsoft.com/developer/msbuild/2003">
  <ItemGroup>
    <Filter Include="Source Files">
      <UniqueIdentifier>{4FC737F1-C7A5-4376-A066-2A32D752A2FF}</UniqueIdentifier>
      <Extensions>cpp;c;cc;cxx;def;odl;idl;hpj;bat;asm;asmx</Extensions>
    </Filter>
    <Filter Include="Header Files">
      <UniqueIdentifier>{93995380-89BD-4b04-88EB-625FBE52EBFB}</UniqueIdentifier>
      <Extensions>h;hpp;hxx;hm;inl;inc;xsd</Extensions>
    </Filter>
    <Filter Include="Resource Files">
      <UniqueIdentifier>{67DA6AB6-F800-4c08-8B7A-83BB121AAD01}</UniqueIdentifier>
      <Extensions>rc;ico;cur;bmp;dlg;rc2;rct;bin;rgs;gif;jpg;jpeg;jpe;resx;tiff;tif;png;wav;mfcribbon-ms</Extensions>
    </Filter>
    <Filter Include="UILib">
      <UniqueIdentifier>{6080376d-7592-408b-9937-b2965f9fb945}</UniqueIdentifier>
    </Filter>
    <Filter Include="UILib\core">
      <UniqueIdentifier>{997c31d3-427a-45c6-894f-62da9123b631}</UniqueIdentifier>
    </Filter>
    <Filter Include="UILib\standard">
      <UniqueIdentifier>{433318a9-3685-4fc1-9694-ae6b035d066c}</UniqueIdentifier>
    </Filter>
    <Filter Include="Web">
      <UniqueIdentifier>{96c7acfc-c146-4d86-aec1-2996505d68a7}</UniqueIdentifier>
    </Filter>
    <Filter Include="http">
      <UniqueIdentifier>{e0feba5f-d8ee-4a57-827d-e51ca32e3ecf}</UniqueIdentifier>
    </Filter>
    <Filter Include="jsonlib">
      <UniqueIdentifier>{14e2d77c-5779-4e2e-b55e-f82b9c3b4768}</UniqueIdentifier>
    </Filter>
    <Filter Include="jsonlib\json">
      <UniqueIdentifier>{be299305-33f4-4be4-bf8f-026bacca1aeb}</UniqueIdentifier>
    </Filter>
  </ItemGroup>
  <ItemGroup>
    <None Include="ReadMe.txt" />
    <None Include="res\Blue.rc2">
      <Filter>Resource Files</Filter>
    </None>
    <None Include="res\Blue.ico">
      <Filter>Resource Files</Filter>
    </None>
    <None Include="lib_json\json_internalarray.inl">
      <Filter>jsonlib</Filter>
    </None>
    <None Include="lib_json\json_internalmap.inl">
      <Filter>jsonlib</Filter>
    </None>
    <None Include="lib_json\json_valueiterator.inl">
      <Filter>jsonlib</Filter>
    </None>
  </ItemGroup>
  <ItemGroup>
    <ClInclude Include="Blue.h">
      <Filter>Header Files</Filter>
    </ClInclude>
    <ClInclude Include="BlueDlg.h">
      <Filter>Header Files</Filter>
    </ClInclude>
    <ClInclude Include="stdafx.h">
      <Filter>Header Files</Filter>
    </ClInclude>
    <ClInclude Include="targetver.h">
      <Filter>Header Files</Filter>
    </ClInclude>
    <ClInclude Include="Resource.h">
      <Filter>Header Files</Filter>
    </ClInclude>
    <ClInclude Include="resource_ids.h">
      <Filter>Header Files</Filter>
    </ClInclude>
    <ClInclude Include="LoginDlg.h">
      <Filter>Header Files</Filter>
    </ClInclude>
    <ClInclude Include="Util.h">
      <Filter>Header Files</Filter>
    </ClInclude>
    <ClInclude Include="SaleAddDlg.h">
      <Filter>Header Files</Filter>
    </ClInclude>
    <ClInclude Include="UILib\BSButton.h">
      <Filter>UILib\core</Filter>
    </ClInclude>
    <ClInclude Include="UILib\BSCheckBox.h">
      <Filter>UILib\core</Filter>
    </ClInclude>
    <ClInclude Include="UILib\BSObject.h">
      <Filter>UILib\core</Filter>
    </ClInclude>
    <ClInclude Include="UILib\BSPopupMenu.h">
      <Filter>UILib\core</Filter>
    </ClInclude>
    <ClInclude Include="UILib\BSScrollbar.h">
      <Filter>UILib\core</Filter>
    </ClInclude>
    <ClInclude Include="UILib\BSSeparator.h">
      <Filter>UILib\core</Filter>
    </ClInclude>
    <ClInclude Include="UILib\BSSliderbar.h">
      <Filter>UILib\core</Filter>
    </ClInclude>
    <ClInclude Include="UILib\BSStatic.h">
      <Filter>UILib\core</Filter>
    </ClInclude>
    <ClInclude Include="UILib\Delegate.h">
      <Filter>UILib\core</Filter>
    </ClInclude>
    <ClInclude Include="UILib\DelegateTemplate.h">
      <Filter>UILib\core</Filter>
    </ClInclude>
    <ClInclude Include="UILib\MenuManager.h">
      <Filter>UILib\core</Filter>
    </ClInclude>
    <ClInclude Include="UILib\SwitchButton.h">
      <Filter>UILib\core</Filter>
    </ClInclude>
    <ClInclude Include="colors.h">
      <Filter>UILib\standard</Filter>
    </ClInclude>
    <ClInclude Include="BRButton.h">
      <Filter>UILib\standard</Filter>
    </ClInclude>
    <ClInclude Include="IJSMediator.h">
      <Filter>Web</Filter>
    </ClInclude>
    <ClInclude Include="WebBrowser.h">
      <Filter>Web</Filter>
    </ClInclude>
    <ClInclude Include="WebView.h">
      <Filter>Web</Filter>
    </ClInclude>
    <ClInclude Include="JQGridAPI.h">
      <Filter>Web</Filter>
    </ClInclude>
    <ClInclude Include="BRComboBox.h">
      <Filter>UILib\standard</Filter>
    </ClInclude>
    <ClInclude Include="BRButtonGroup.h">
      <Filter>UILib\standard</Filter>
    </ClInclude>
    <ClInclude Include="AdoDBConnector.h">
      <Filter>Header Files</Filter>
    </ClInclude>
    <ClInclude Include="ComJsFun.h">
      <Filter>Web</Filter>
    </ClInclude>
    <ClInclude Include="IHttp.h">
      <Filter>http</Filter>
    </ClInclude>
    <ClInclude Include="JsHttpImpl.h">
      <Filter>http</Filter>
    </ClInclude>
    <ClInclude Include="ControlPanel.h">
      <Filter>UILib\standard</Filter>
    </ClInclude>
    <ClInclude Include="SalePanel.h">
      <Filter>Header Files</Filter>
    </ClInclude>
    <ClInclude Include="PlanPanel.h">
      <Filter>Header Files</Filter>
    </ClInclude>
    <ClInclude Include="ProductPanel.h">
      <Filter>Header Files</Filter>
    </ClInclude>
    <ClInclude Include="PlanAddDlg.h">
      <Filter>Header Files</Filter>
    </ClInclude>
    <ClInclude Include="TableFilterDlg.h">
      <Filter>Header Files</Filter>
    </ClInclude>
    <ClInclude Include="PopupDlg.h">
      <Filter>Header Files</Filter>
    </ClInclude>
    <ClInclude Include="XMLParser.h">
      <Filter>Header Files</Filter>
    </ClInclude>
    <ClInclude Include="CommonDefine.h">
      <Filter>Header Files</Filter>
    </ClInclude>
    <ClInclude Include="SettingManager.h">
      <Filter>Header Files</Filter>
    </ClInclude>
    <ClInclude Include="BRPanel.h">
      <Filter>Header Files</Filter>
    </ClInclude>
    <ClInclude Include="NotificationPanel.h">
      <Filter>Header Files</Filter>
    </ClInclude>
    <ClInclude Include="lib_json\json_batchallocator.h">
      <Filter>jsonlib</Filter>
    </ClInclude>
    <ClInclude Include="lib_json\json\autolink.h">
      <Filter>jsonlib\json</Filter>
    </ClInclude>
    <ClInclude Include="lib_json\json\config.h">
      <Filter>jsonlib\json</Filter>
    </ClInclude>
    <ClInclude Include="lib_json\json\features.h">
      <Filter>jsonlib\json</Filter>
    </ClInclude>
    <ClInclude Include="lib_json\json\forwards.h">
      <Filter>jsonlib\json</Filter>
    </ClInclude>
    <ClInclude Include="lib_json\json\json.h">
      <Filter>jsonlib\json</Filter>
    </ClInclude>
    <ClInclude Include="lib_json\json\reader.h">
      <Filter>jsonlib\json</Filter>
    </ClInclude>
    <ClInclude Include="lib_json\json\value.h">
      <Filter>jsonlib\json</Filter>
    </ClInclude>
    <ClInclude Include="lib_json\json\writer.h">
      <Filter>jsonlib\json</Filter>
    </ClInclude>
  </ItemGroup>
  <ItemGroup>
    <ClCompile Include="Blue.cpp">
      <Filter>Source Files</Filter>
    </ClCompile>
    <ClCompile Include="BlueDlg.cpp">
      <Filter>Source Files</Filter>
    </ClCompile>
    <ClCompile Include="stdafx.cpp">
      <Filter>Source Files</Filter>
    </ClCompile>
    <ClCompile Include="LoginDlg.cpp">
      <Filter>Source Files</Filter>
    </ClCompile>
    <ClCompile Include="Util.cpp">
      <Filter>Source Files</Filter>
    </ClCompile>
    <ClCompile Include="SaleAddDlg.cpp">
      <Filter>Source Files</Filter>
    </ClCompile>
    <ClCompile Include="UILib\BSButton.cpp">
      <Filter>UILib\core</Filter>
    </ClCompile>
    <ClCompile Include="UILib\BSCheckBox.cpp">
      <Filter>UILib\core</Filter>
    </ClCompile>
    <ClCompile Include="UILib\BSObject.cpp">
      <Filter>UILib\core</Filter>
    </ClCompile>
    <ClCompile Include="UILib\BSPopupMenu.cpp">
      <Filter>UILib\core</Filter>
    </ClCompile>
    <ClCompile Include="UILib\BSScrollbar.cpp">
      <Filter>UILib\core</Filter>
    </ClCompile>
    <ClCompile Include="UILib\BSSeparator.cpp">
      <Filter>UILib\core</Filter>
    </ClCompile>
    <ClCompile Include="UILib\BSSliderbar.cpp">
      <Filter>UILib\core</Filter>
    </ClCompile>
    <ClCompile Include="UILib\BSStatic.cpp">
      <Filter>UILib\core</Filter>
    </ClCompile>
    <ClCompile Include="UILib\MenuManager.cpp">
      <Filter>UILib\core</Filter>
    </ClCompile>
    <ClCompile Include="UILib\SwitchButton.cpp">
      <Filter>UILib\core</Filter>
    </ClCompile>
    <ClCompile Include="BRButton.cpp">
      <Filter>UILib\standard</Filter>
    </ClCompile>
    <ClCompile Include="WebBrowser.cpp">
      <Filter>Web</Filter>
    </ClCompile>
    <ClCompile Include="WebView.cpp">
      <Filter>Web</Filter>
    </ClCompile>
    <ClCompile Include="JQGridAPI.cpp">
      <Filter>Web</Filter>
    </ClCompile>
    <ClCompile Include="BRComboBox.cpp">
      <Filter>UILib\standard</Filter>
    </ClCompile>
    <ClCompile Include="BRButtonGroup.cpp">
      <Filter>UILib\standard</Filter>
    </ClCompile>
    <ClCompile Include="AdoDBConnector.cpp">
      <Filter>Source Files</Filter>
    </ClCompile>
    <ClCompile Include="JsHttpImpl.cpp">
      <Filter>http</Filter>
    </ClCompile>
    <ClCompile Include="ControlPanel.cpp">
      <Filter>UILib\standard</Filter>
    </ClCompile>
    <ClCompile Include="SalePanel.cpp">
      <Filter>Source Files</Filter>
    </ClCompile>
    <ClCompile Include="PlanPanel.cpp">
      <Filter>Source Files</Filter>
    </ClCompile>
    <ClCompile Include="ProductPanel.cpp">
      <Filter>Source Files</Filter>
    </ClCompile>
    <ClCompile Include="PlanAddDlg.cpp">
      <Filter>Source Files</Filter>
    </ClCompile>
    <ClCompile Include="TableFilterDlg.cpp">
      <Filter>Source Files</Filter>
    </ClCompile>
    <ClCompile Include="PopupDlg.cpp">
      <Filter>Source Files</Filter>
    </ClCompile>
    <ClCompile Include="XMLParser.cpp">
      <Filter>Source Files</Filter>
    </ClCompile>
    <ClCompile Include="SettingManager.cpp">
      <Filter>Source Files</Filter>
    </ClCompile>
    <ClCompile Include="BRPanel.cpp">
      <Filter>Source Files</Filter>
    </ClCompile>
    <ClCompile Include="NotificationPanel.cpp">
      <Filter>Source Files</Filter>
    </ClCompile>
    <ClCompile Include="lib_json\json_reader.cpp">
      <Filter>jsonlib</Filter>
    </ClCompile>
    <ClCompile Include="lib_json\json_value.cpp">
      <Filter>jsonlib</Filter>
    </ClCompile>
    <ClCompile Include="lib_json\json_writer.cpp">
      <Filter>jsonlib</Filter>
    </ClCompile>
  </ItemGroup>
  <ItemGroup>
    <ResourceCompile Include="Blue.rc">
      <Filter>Resource Files</Filter>
    </ResourceCompile>
  </ItemGroup>
  <ItemGroup>
    <Image Include="res\logo.png">
      <Filter>Resource Files</Filter>
    </Image>
  </ItemGroup>
</Project>