
Microsoft Visual Studio Solution File, Format Version 12.00
# Visual Studio 2013
VisualStudioVersion = 12.0.30723.0
MinimumVisualStudioVersion = 10.0.40219.1
Project("{FAE04EC0-301F-11D3-BF4B-00C04F79EFBC}") = "WindowsFormsApplication3", "WindowsFormsApplication3\WindowsFormsApplication3.csproj", "{92CF2D69-A17A-4F47-8346-E6A50F801DD3}"
EndProject
Project("{FAE04EC0-301F-11D3-BF4B-00C04F79EFBC}") = "VBARunner", "VBARunner\VBARunner.csproj", "{B4FC9AFB-F7BA-49B3-9F07-1454234F7B98}"
EndProject
Global
	GlobalSection(SolutionConfigurationPlatforms) = preSolution
		Debug|Any CPU = Debug|Any CPU
		Release|Any CPU = Release|Any CPU
	EndGlobalSection
	GlobalSection(ProjectConfigurationPlatforms) = postSolution
		{92CF2D69-A17A-4F47-8346-E6A50F801DD3}.Debug|Any CPU.ActiveCfg = Debug|Any CPU
		{92CF2D69-A17A-4F47-8346-E6A50F801DD3}.Debug|Any CPU.Build.0 = Debug|Any CPU
		{92CF2D69-A17A-4F47-8346-E6A50F801DD3}.Release|Any CPU.ActiveCfg = Release|Any CPU
		{92CF2D69-A17A-4F47-8346-E6A50F801DD3}.Release|Any CPU.Build.0 = Release|Any CPU
		{B4FC9AFB-F7BA-49B3-9F07-1454234F7B98}.Debug|Any CPU.ActiveCfg = Debug|Any CPU
		{B4FC9AFB-F7BA-49B3-9F07-1454234F7B98}.Debug|Any CPU.Build.0 = Debug|Any CPU
		{B4FC9AFB-F7BA-49B3-9F07-1454234F7B98}.Release|Any CPU.ActiveCfg = Release|Any CPU
		{B4FC9AFB-F7BA-49B3-9F07-1454234F7B98}.Release|Any CPU.Build.0 = Release|Any CPU
	EndGlobalSection
	GlobalSection(SolutionProperties) = preSolution
		HideSolutionNode = FALSE
	EndGlobalSection
EndGlobal
